// !$*UTF8*$!
{
	archiveVersion = 1;
	classes = {
	};
	objectVersion = 46;
	objects = {

/* Begin PBXBuildFile section */
		714DFC5D1B4CD113007EB52C /* API.swift in Sources */ = {isa = PBXBuildFile; fileRef = 714DFC5C1B4CD113007EB52C /* API.swift */; };
		71E022381B4CDC2E00F64175 /* Fetcher.swift in Sources */ = {isa = PBXBuildFile; fileRef = 71E022371B4CDC2E00F64175 /* Fetcher.swift */; };
		71F0C6671B4896F200355A6E /* main.swift in Sources */ = {isa = PBXBuildFile; fileRef = 71F0C6661B4896F200355A6E /* main.swift */; };
/* End PBXBuildFile section */

/* Begin PBXCopyFilesBuildPhase section */
		71F0C6611B4896F200355A6E /* CopyFiles */ = {
			isa = PBXCopyFilesBuildPhase;
			buildActionMask = 2147483647;
			dstPath = /usr/share/man/man1/;
			dstSubfolderSpec = 0;
			files = (
			);
			runOnlyForDeploymentPostprocessing = 1;
		};
/* End PBXCopyFilesBuildPhase section */

/* Begin PBXFileReference section */
		714DFC5C1B4CD113007EB52C /* API.swift */ = {isa = PBXFileReference; fileEncoding = 4; lastKnownFileType = sourcecode.swift; path = API.swift; sourceTree = "<group>"; };
		71E022371B4CDC2E00F64175 /* Fetcher.swift */ = {isa = PBXFileReference; fileEncoding = 4; lastKnownFileType = sourcecode.swift; path = Fetcher.swift; sourceTree = "<group>"; };
		71F0C6631B4896F200355A6E /* PinyataExtractor */ = {isa = PBXFileReference; explicitFileType = "compiled.mach-o.executable"; includeInIndex = 0; path = PinyataExtractor; sourceTree = BUILT_PRODUCTS_DIR; };
		71F0C6661B4896F200355A6E /* main.swift */ = {isa = PBXFileReference; lastKnownFileType = sourcecode.swift; path = main.swift; sourceTree = "<group>"; };
/* End PBXFileReference section */

/* Begin PBXFrameworksBuildPhase section */
		71F0C6601B4896F200355A6E /* Frameworks */ = {
			isa = PBXFrameworksBuildPhase;
			buildActionMask = 2147483647;
			files = (
			);
			runOnlyForDeploymentPostprocessing = 0;
		};
/* End PBXFrameworksBuildPhase section */

/* Begin PBXGroup section */
		71F0C65A1B4896F200355A6E = {
			isa = PBXGroup;
			children = (
				71F0C6651B4896F200355A6E /* PinyataExtractor */,
				71F0C6641B4896F200355A6E /* Products */,
			);
			sourceTree = "<group>";
		};
		71F0C6641B4896F200355A6E /* Products */ = {
			isa = PBXGroup;
			children = (
				71F0C6631B4896F200355A6E /* PinyataExtractor */,
			);
			name = Products;
			sourceTree = "<group>";
		};
		71F0C6651B4896F200355A6E /* PinyataExtractor */ = {
			isa = PBXGroup;
			children = (
				71F0C6661B4896F200355A6E /* main.swift */,
				714DFC5C1B4CD113007EB52C /* API.swift */,
				71E022371B4CDC2E00F64175 /* Fetcher.swift */,
			);
			path = PinyataExtractor;
			sourceTree = "<group>";
		};
/* End PBXGroup section */

/* Begin PBXNativeTarget section */
		71F0C6621B4896F200355A6E /* PinyataExtractor */ = {
			isa = PBXNativeTarget;
			buildConfigurationList = 71F0C66A1B4896F200355A6E /* Build configuration list for PBXNativeTarget "PinyataExtractor" */;
			buildPhases = (
				71F0C65F1B4896F200355A6E /* Sources */,
				71F0C6601B4896F200355A6E /* Frameworks */,
				71F0C6611B4896F200355A6E /* CopyFiles */,
			);
			buildRules = (
			);
			dependencies = (
			);
			name = PinyataExtractor;
			productName = PinyataExtractor;
			productReference = 71F0C6631B4896F200355A6E /* PinyataExtractor */;
			productType = "com.apple.product-type.tool";
		};
/* End PBXNativeTarget section */

/* Begin PBXProject section */
		71F0C65B1B4896F200355A6E /* Project object */ = {
			isa = PBXProject;
			attributes = {
				LastSwiftUpdateCheck = 0700;
				LastUpgradeCheck = 0700;
				ORGANIZATIONNAME = SwiftBit;
				TargetAttributes = {
					71F0C6621B4896F200355A6E = {
						CreatedOnToolsVersion = 7.0;
					};
				};
			};
			buildConfigurationList = 71F0C65E1B4896F200355A6E /* Build configuration list for PBXProject "PinyataExtractor" */;
			compatibilityVersion = "Xcode 3.2";
			developmentRegion = English;
			hasScannedForEncodings = 0;
			knownRegions = (
				en,
			);
			mainGroup = 71F0C65A1B4896F200355A6E;
			productRefGroup = 71F0C6641B4896F200355A6E /* Products */;
			projectDirPath = "";
			projectRoot = "";
			targets = (
				71F0C6621B4896F200355A6E /* PinyataExtractor */,
			);
		};
/* End PBXProject section */

/* Begin PBXSourcesBuildPhase section */
		71F0C65F1B4896F200355A6E /* Sources */ = {
			isa = PBXSourcesBuildPhase;
			buildActionMask = 2147483647;
			files = (
				714DFC5D1B4CD113007EB52C /* API.swift in Sources */,
				71F0C6671B4896F200355A6E /* main.swift in Sources */,
				71E022381B4CDC2E00F64175 /* Fetcher.swift in Sources */,
			);
			runOnlyForDeploymentPostprocessing = 0;
		};
/* End PBXSourcesBuildPhase section */

/* Begin XCBuildConfiguration section */
		71F0C6681B4896F200355A6E /* Debug */ = {
			isa = XCBuildConfiguration;
			buildSettings = {
				ALWAYS_SEARCH_USER_PATHS = NO;
				CLANG_CXX_LANGUAGE_STANDARD = "gnu++0x";
				CLANG_CXX_LIBRARY = "libc++";
				CLANG_ENABLE_MODULES = YES;
				CLANG_ENABLE_OBJC_ARC = YES;
				CLANG_WARN_BOOL_CONVERSION = YES;
				CLANG_WARN_CONSTANT_CONVERSION = YES;
				CLANG_WARN_DIRECT_OBJC_ISA_USAGE = YES_ERROR;
				CLANG_WARN_EMPTY_BODY = YES;
				CLANG_WARN_ENUM_CONVERSION = YES;
				CLANG_WARN_INT_CONVERSION = YES;
				CLANG_WARN_OBJC_ROOT_CLASS = YES_ERROR;
				CLANG_WARN_UNREACHABLE_CODE = YES;
				CLANG_WARN__DUPLICATE_METHOD_MATCH = YES;
				COPY_PHASE_STRIP = NO;
				DEBUG_INFORMATION_FORMAT = dwarf;
				ENABLE_STRICT_OBJC_MSGSEND = YES;
				ENABLE_TESTABILITY = YES;
				GCC_C_LANGUAGE_STANDARD = gnu99;
				GCC_DYNAMIC_NO_PIC = NO;
				GCC_NO_COMMON_BLOCKS = YES;
				GCC_OPTIMIZATION_LEVEL = 0;
				GCC_PREPROCESSOR_DEFINITIONS = (
					"DEBUG=1",
					"$(inherited)",
				);
				GCC_WARN_64_TO_32_BIT_CONVERSION = YES;
				GCC_WARN_ABOUT_RETURN_TYPE = YES_ERROR;
				GCC_WARN_UNDECLARED_SELECTOR = YES;
				GCC_WARN_UNINITIALIZED_AUTOS = YES_AGGRESSIVE;
				GCC_WARN_UNUSED_FUNCTION = YES;
				GCC_WARN_UNUSED_VARIABLE = YES;
				MACOSX_DEPLOYMENT_TARGET = 10.10;
				MTL_ENABLE_DEBUG_INFO = YES;
				ONLY_ACTIVE_ARCH = YES;
				SDKROOT = macosx;
				SWIFT_OPTIMIZATION_LEVEL = "-Onone";
			};
			name = Debug;
		};
		71F0C6691B4896F200355A6E /* Release */ = {
			isa = XCBuildConfiguration;
			buildSettings = {
				ALWAYS_SEARCH_USER_PATHS = NO;
				CLANG_CXX_LANGUAGE_STANDARD = "gnu++0x";
				CLANG_CXX_LIBRARY = "libc++";
				CLANG_ENABLE_MODULES = YES;
				CLANG_ENABLE_OBJC_ARC = YES;
				CLANG_WARN_BOOL_CONVERSION = YES;
				CLANG_WARN_CONSTANT_CONVERSION = YES;
				CLANG_WARN_DIRECT_OBJC_ISA_USAGE = YES_ERROR;
				CLANG_WARN_EMPTY_BODY = YES;
				CLANG_WARN_ENUM_CONVERSION = YES;
				CLANG_WARN_INT_CONVERSION = YES;
				CLANG_WARN_OBJC_ROOT_CLASS = YES_ERROR;
				CLANG_WARN_UNREACHABLE_CODE = YES;
				CLANG_WARN__DUPLICATE_METHOD_MATCH = YES;
				COPY_PHASE_STRIP = NO;
				DEBUG_INFORMATION_FORMAT = "dwarf-with-dsym";
				ENABLE_NS_ASSERTIONS = NO;
				ENABLE_STRICT_OBJC_MSGSEND = YES;
				GCC_C_LANGUAGE_STANDARD = gnu99;
				GCC_NO_COMMON_BLOCKS = YES;
				GCC_WARN_64_TO_32_BIT_CONVERSION = YES;
				GCC_WARN_ABOUT_RETURN_TYPE = YES_ERROR;
				GCC_WARN_UNDECLARED_SELECTOR = YES;
				GCC_WARN_UNINITIALIZED_AUTOS = YES_AGGRESSIVE;
				GCC_WARN_UNUSED_FUNCTION = YES;
				GCC_WARN_UNUSED_VARIABLE = YES;
				MACOSX_DEPLOYMENT_TARGET = 10.10;
				MTL_ENABLE_DEBUG_INFO = NO;
				SDKROOT = macosx;
			};
			name = Release;
		};
		71F0C66B1B4896F200355A6E /* Debug */ = {
			isa = XCBuildConfiguration;
			buildSettings = {
				EMBEDDED_CONTENT_CONTAINS_SWIFT = NO;
				PRODUCT_NAME = "$(TARGET_NAME)";
			};
			name = Debug;
		};
		71F0C66C1B4896F200355A6E /* Release */ = {
			isa = XCBuildConfiguration;
			buildSettings = {
				EMBEDDED_CONTENT_CONTAINS_SWIFT = NO;
				PRODUCT_NAME = "$(TARGET_NAME)";
			};
			name = Release;
		};
/* End XCBuildConfiguration section */

/* Begin XCConfigurationList section */
		71F0C65E1B4896F200355A6E /* Build configuration list for PBXProject "PinyataExtractor" */ = {
			isa = XCConfigurationList;
			buildConfigurations = (
				71F0C6681B4896F200355A6E /* Debug */,
				71F0C6691B4896F200355A6E /* Release */,
			);
			defaultConfigurationIsVisible = 0;
			defaultConfigurationName = Release;
		};
		71F0C66A1B4896F200355A6E /* Build configuration list for PBXNativeTarget "PinyataExtractor" */ = {
			isa = XCConfigurationList;
			buildConfigurations = (
				71F0C66B1B4896F200355A6E /* Debug */,
				71F0C66C1B4896F200355A6E /* Release */,
			);
			defaultConfigurationIsVisible = 0;
			defaultConfigurationName = Release;
		};
/* End XCConfigurationList section */
	};
	rootObject = 71F0C65B1B4896F200355A6E /* Project object */;
}
